// !$*UTF8*$!
{
	archiveVersion = 1;
	classes = {
	};
	objectVersion = 46;
	objects = {

/* Begin PBXBuildFile section */
		130E96D280BE6059A868DF41 /* Pods_OpenCode.framework in Frameworks */ = {isa = PBXBuildFile; fileRef = 4027B30C7A06F2720B5696F3 /* Pods_OpenCode.framework */; settings = {ATTRIBUTES = (Weak, ); }; };
		BA05E7471CFEDB7900855A9E /* MyLoginView.swift in Sources */ = {isa = PBXBuildFile; fileRef = BA05E7461CFEDB7900855A9E /* MyLoginView.swift */; };
		BA0ADD741CF836CE00A0B0F1 /* RepoCommitsController.swift in Sources */ = {isa = PBXBuildFile; fileRef = BA0ADD731CF836CE00A0B0F1 /* RepoCommitsController.swift */; };
		BA0ADD761CF838C500A0B0F1 /* RepoPullController.swift in Sources */ = {isa = PBXBuildFile; fileRef = BA0ADD751CF838C500A0B0F1 /* RepoPullController.swift */; };
		BA0ADD781CF839A000A0B0F1 /* RepoBranchController.swift in Sources */ = {isa = PBXBuildFile; fileRef = BA0ADD771CF839A000A0B0F1 /* RepoBranchController.swift */; };
		BA0ADD7C1CF83DF200A0B0F1 /* SearchController.swift in Sources */ = {isa = PBXBuildFile; fileRef = BA0ADD7B1CF83DF200A0B0F1 /* SearchController.swift */; };
		BA0CCE201D1E7FE60009F02A /* RepoListController.swift in Sources */ = {isa = PBXBuildFile; fileRef = BA0CCE1F1D1E7FE60009F02A /* RepoListController.swift */; };
		BA3AD1FA1CCA245A0034B21E /* AppDelegate.swift in Sources */ = {isa = PBXBuildFile; fileRef = BA3AD1F91CCA245A0034B21E /* AppDelegate.swift */; };
		BA3AD2011CCA245A0034B21E /* Main.storyboard in Resources */ = {isa = PBXBuildFile; fileRef = BA3AD1FF1CCA245A0034B21E /* Main.storyboard */; };
		BA3AD2031CCA245A0034B21E /* Images.xcassets in Resources */ = {isa = PBXBuildFile; fileRef = BA3AD2021CCA245A0034B21E /* Images.xcassets */; };
		BA3AD2061CCA245A0034B21E /* LaunchScreen.xib in Resources */ = {isa = PBXBuildFile; fileRef = BA3AD2041CCA245A0034B21E /* LaunchScreen.xib */; };
		BA3AD2121CCA245A0034B21E /* OpenCodeTests.swift in Sources */ = {isa = PBXBuildFile; fileRef = BA3AD2111CCA245A0034B21E /* OpenCodeTests.swift */; };
		BA3AD21E1CCA278B0034B21E /* Github.swift in Sources */ = {isa = PBXBuildFile; fileRef = BA3AD21D1CCA278B0034B21E /* Github.swift */; };
		BA3AD2201CCA29B60034B21E /* HttpRequest.swift in Sources */ = {isa = PBXBuildFile; fileRef = BA3AD21F1CCA29B60034B21E /* HttpRequest.swift */; };
		BA44657A1D068F7D007AEC2F /* UserEventsController.swift in Sources */ = {isa = PBXBuildFile; fileRef = BA4465791D068F7D007AEC2F /* UserEventsController.swift */; };
		BA44657C1D0693EB007AEC2F /* GithubTime.swift in Sources */ = {isa = PBXBuildFile; fileRef = BA44657B1D0693EB007AEC2F /* GithubTime.swift */; };
		BA4465811D07C18C007AEC2F /* SettingsController.swift in Sources */ = {isa = PBXBuildFile; fileRef = BA4465801D07C18C007AEC2F /* SettingsController.swift */; };
		BA4465831D094502007AEC2F /* AuthorizationsManagerController.swift in Sources */ = {isa = PBXBuildFile; fileRef = BA4465821D094502007AEC2F /* AuthorizationsManagerController.swift */; };
		BA4465851D094844007AEC2F /* ProgressHUD.swift in Sources */ = {isa = PBXBuildFile; fileRef = BA4465841D094844007AEC2F /* ProgressHUD.swift */; };
		BA4609D11CF95AB400D2415B /* SearchRepoCell.swift in Sources */ = {isa = PBXBuildFile; fileRef = BA4609CF1CF95AB400D2415B /* SearchRepoCell.swift */; };
		BA4609D21CF95AB400D2415B /* SearchRepoCell.xib in Resources */ = {isa = PBXBuildFile; fileRef = BA4609D01CF95AB400D2415B /* SearchRepoCell.xib */; };
		BA47B7451CE99B4A00CF3947 /* OldUserListController.swift in Sources */ = {isa = PBXBuildFile; fileRef = BA47B7441CE99B4A00CF3947 /* OldUserListController.swift */; };
		BA47B7491CE99EC200CF3947 /* UserCell.swift in Sources */ = {isa = PBXBuildFile; fileRef = BA47B7471CE99EC200CF3947 /* UserCell.swift */; };
		BA47B74A1CE99EC200CF3947 /* UserCell.xib in Resources */ = {isa = PBXBuildFile; fileRef = BA47B7481CE99EC200CF3947 /* UserCell.xib */; };
		BA47B74E1CE9AE7D00CF3947 /* UserBaseInfo.swift in Sources */ = {isa = PBXBuildFile; fileRef = BA47B74D1CE9AE7D00CF3947 /* UserBaseInfo.swift */; };
		BA4F89E61D040C860051A525 /* QRCodeController.swift in Sources */ = {isa = PBXBuildFile; fileRef = BA4F89E51D040C860051A525 /* QRCodeController.swift */; };
		BA4F89E81D040EB80051A525 /* QRCodeScanningController.swift in Sources */ = {isa = PBXBuildFile; fileRef = BA4F89E71D040EB80051A525 /* QRCodeScanningController.swift */; };
		BA505B0A1CF3FBB900BE7EC9 /* ToolController.swift in Sources */ = {isa = PBXBuildFile; fileRef = BA505B091CF3FBB900BE7EC9 /* ToolController.swift */; };
		BA51C0521CF696D4005CCCC7 /* RepoEventController.swift in Sources */ = {isa = PBXBuildFile; fileRef = BA51C0511CF696D4005CCCC7 /* RepoEventController.swift */; };
		BA51C0541CF69B88005CCCC7 /* RepoIssuesController.swift in Sources */ = {isa = PBXBuildFile; fileRef = BA51C0531CF69B88005CCCC7 /* RepoIssuesController.swift */; };
		BA51C0571CF6A7C3005CCCC7 /* RepoEventCell.swift in Sources */ = {isa = PBXBuildFile; fileRef = BA51C0551CF6A7C3005CCCC7 /* RepoEventCell.swift */; };
		BA51C0581CF6A7C3005CCCC7 /* RepoEventCell.xib in Resources */ = {isa = PBXBuildFile; fileRef = BA51C0561CF6A7C3005CCCC7 /* RepoEventCell.xib */; };
		BA53E2DC1CFFD86900FD46F2 /* MyProfileView.swift in Sources */ = {isa = PBXBuildFile; fileRef = BA53E2DB1CFFD86900FD46F2 /* MyProfileView.swift */; };
		BA53E2DE1CFFDCCE00FD46F2 /* MyUserInfoHeader.swift in Sources */ = {isa = PBXBuildFile; fileRef = BA53E2DD1CFFDCCE00FD46F2 /* MyUserInfoHeader.swift */; };
		BA5582C11CF1706400157000 /* CodeBrowserController.swift in Sources */ = {isa = PBXBuildFile; fileRef = BA5582C01CF1706400157000 /* CodeBrowserController.swift */; };
		BA5582C41CF173B400157000 /* CodeBrowser.html in Resources */ = {isa = PBXBuildFile; fileRef = BA5582C31CF173B400157000 /* CodeBrowser.html */; };
		BA5582CD1CF1827C00157000 /* CodeLoader.js in Resources */ = {isa = PBXBuildFile; fileRef = BA5582CC1CF1827C00157000 /* CodeLoader.js */; };
		BA5AF8331D02C3490015B601 /* HotRepoView.swift in Sources */ = {isa = PBXBuildFile; fileRef = BA5AF8321D02C3490015B601 /* HotRepoView.swift */; };
		BA5AF8391D02C3660015B601 /* NewsEventCell.swift in Sources */ = {isa = PBXBuildFile; fileRef = BA5AF8361D02C3660015B601 /* NewsEventCell.swift */; };
		BA5AF83A1D02C3660015B601 /* NewsEventCell.xib in Resources */ = {isa = PBXBuildFile; fileRef = BA5AF8371D02C3660015B601 /* NewsEventCell.xib */; };
		BA5AF83B1D02C3660015B601 /* NewsEventListView.swift in Sources */ = {isa = PBXBuildFile; fileRef = BA5AF8381D02C3660015B601 /* NewsEventListView.swift */; };
		BA5AF83D1D02C3780015B601 /* TrendingView.swift in Sources */ = {isa = PBXBuildFile; fileRef = BA5AF83C1D02C3780015B601 /* TrendingView.swift */; };
		BA5F71A81CD350DC0043CBB5 /* RepositoryTableViewController.swift in Sources */ = {isa = PBXBuildFile; fileRef = BA5F71A61CD350DC0043CBB5 /* RepositoryTableViewController.swift */; };
		BA647E081CF2F7C200DA369F /* FileBrowserController.swift in Sources */ = {isa = PBXBuildFile; fileRef = BA647E071CF2F7C200DA369F /* FileBrowserController.swift */; };
		BA69EBE41CD4980C0090816C /* UserTableViewController.swift in Sources */ = {isa = PBXBuildFile; fileRef = BA69EBE31CD4980C0090816C /* UserTableViewController.swift */; };
		BA6F3B101CCE3EA400F6984B /* OperationQueueHelper.swift in Sources */ = {isa = PBXBuildFile; fileRef = BA6F3B0F1CCE3EA400F6984B /* OperationQueueHelper.swift */; };
		BA6F3B121CCE478D00F6984B /* TimeHelper.swift in Sources */ = {isa = PBXBuildFile; fileRef = BA6F3B111CCE478D00F6984B /* TimeHelper.swift */; };
		BA715DFF1CFD287000887D73 /* NewsTopView.swift in Sources */ = {isa = PBXBuildFile; fileRef = BA715DFE1CFD287000887D73 /* NewsTopView.swift */; };
		BA715E021CFD2EC800887D73 /* NewsTopDelegate.swift in Sources */ = {isa = PBXBuildFile; fileRef = BA715E011CFD2EC800887D73 /* NewsTopDelegate.swift */; };
		BA715E071CFD389C00887D73 /* MyController.swift in Sources */ = {isa = PBXBuildFile; fileRef = BA715E061CFD389C00887D73 /* MyController.swift */; };
		BA715E0A1CFD3A6600887D73 /* MyCellDataModel.swift in Sources */ = {isa = PBXBuildFile; fileRef = BA715E091CFD3A6600887D73 /* MyCellDataModel.swift */; };
		BA79E02B1CF5946800E86258 /* ToolCell.swift in Sources */ = {isa = PBXBuildFile; fileRef = BA79E02A1CF5946800E86258 /* ToolCell.swift */; };
		BA79E0761CF5C49B00E86258 /* ToolList.plist in Resources */ = {isa = PBXBuildFile; fileRef = BA79E0751CF5C49B00E86258 /* ToolList.plist */; };
		BA79E0781CF5DF8300E86258 /* FlatColor.swift in Sources */ = {isa = PBXBuildFile; fileRef = BA79E0771CF5DF8300E86258 /* FlatColor.swift */; };
		BA7B2A0F1CE47D5200455F68 /* GlobalDefine.swift in Sources */ = {isa = PBXBuildFile; fileRef = BA7B2A0E1CE47D5200455F68 /* GlobalDefine.swift */; };
		BA7CB1D41CEDF5ED004DDF42 /* UserInfoHeaderView.swift in Sources */ = {isa = PBXBuildFile; fileRef = BA7CB1D31CEDF5ED004DDF42 /* UserInfoHeaderView.swift */; };
		BA8619051CDF289D00BE9E9C /* RepoDetailController.swift in Sources */ = {isa = PBXBuildFile; fileRef = BA8619041CDF289D00BE9E9C /* RepoDetailController.swift */; };
		BA8619071CDF2DD000BE9E9C /* RepoDescView.swift in Sources */ = {isa = PBXBuildFile; fileRef = BA8619061CDF2DD000BE9E9C /* RepoDescView.swift */; };
		BA8619091CDF31F000BE9E9C /* RepoInfoView.swift in Sources */ = {isa = PBXBuildFile; fileRef = BA8619081CDF31F000BE9E9C /* RepoInfoView.swift */; };
		BA8CEBDD1CE7480A0044155A /* RepoDetailHeaderView.swift in Sources */ = {isa = PBXBuildFile; fileRef = BA8CEBDC1CE7480A0044155A /* RepoDetailHeaderView.swift */; };
		BA8CEBE01CE74DF00044155A /* RepoDetailTableViewCell.swift in Sources */ = {isa = PBXBuildFile; fileRef = BA8CEBDE1CE74DF00044155A /* RepoDetailTableViewCell.swift */; };
		BA8D68631CF80C62002ED5E2 /* ToolCell.xib in Resources */ = {isa = PBXBuildFile; fileRef = BA8D68621CF80C62002ED5E2 /* ToolCell.xib */; };
		BA8DA3311CD080A500F9B391 /* Crypto.swift in Sources */ = {isa = PBXBuildFile; fileRef = BA8DA3301CD080A500F9B391 /* Crypto.swift */; };
		BAC055801CFAA60A00DCD236 /* NewsController.swift in Sources */ = {isa = PBXBuildFile; fileRef = BAC0557F1CFAA60A00DCD236 /* NewsController.swift */; };
		BAC055831CFAA67C00DCD236 /* NewsScrollView.swift in Sources */ = {isa = PBXBuildFile; fileRef = BAC055821CFAA67C00DCD236 /* NewsScrollView.swift */; };
		BAC5DF331CEC051800EB2EFE /* UserInfo.swift in Sources */ = {isa = PBXBuildFile; fileRef = BAC5DF321CEC051800EB2EFE /* UserInfo.swift */; };
		BAC5DF351CEC082300EB2EFE /* UserInfoController.swift in Sources */ = {isa = PBXBuildFile; fileRef = BAC5DF341CEC082300EB2EFE /* UserInfoController.swift */; };
		BAF47C191D01387300F6A03B /* UIViewAdditions.swift in Sources */ = {isa = PBXBuildFile; fileRef = BAF47C181D01387300F6A03B /* UIViewAdditions.swift */; };
		BAF47C1B1D01462000F6A03B /* CodeLoading.gif in Resources */ = {isa = PBXBuildFile; fileRef = BAF47C1A1D01462000F6A03B /* CodeLoading.gif */; };
		BAF47C1D1D01462B00F6A03B /* CodeBrowser.css in Resources */ = {isa = PBXBuildFile; fileRef = BAF47C1C1D01462B00F6A03B /* CodeBrowser.css */; };
		BAF7F9A01CD8B8AF0071C5F6 /* RepositoryDetailTableViewController.swift in Sources */ = {isa = PBXBuildFile; fileRef = BAF7F99F1CD8B8AF0071C5F6 /* RepositoryDetailTableViewController.swift */; };
		BAFB43981D0AAAE500D0E2C3 /* NewBadge.swift in Sources */ = {isa = PBXBuildFile; fileRef = BAFB43971D0AAAE500D0E2C3 /* NewBadge.swift */; };
		BAFB439C1D0D23FC00D0E2C3 /* CommitDetailController.swift in Sources */ = {isa = PBXBuildFile; fileRef = BAFB439B1D0D23FC00D0E2C3 /* CommitDetailController.swift */; };
		BAFB43A11D0E83F100D0E2C3 /* AboutController.swift in Sources */ = {isa = PBXBuildFile; fileRef = BAFB439F1D0E83F100D0E2C3 /* AboutController.swift */; };
		BAFB43A81D0FA10E00D0E2C3 /* NotableList.swift in Sources */ = {isa = PBXBuildFile; fileRef = BAFB43A71D0FA10E00D0E2C3 /* NotableList.swift */; };
		BAFB43AC1D0FACFE00D0E2C3 /* MarkdownReaderController.swift in Sources */ = {isa = PBXBuildFile; fileRef = BAFB43AB1D0FACFE00D0E2C3 /* MarkdownReaderController.swift */; };
		BAFB43AE1D153A1000D0E2C3 /* ComponentUsageController.swift in Sources */ = {isa = PBXBuildFile; fileRef = BAFB43AD1D153A1000D0E2C3 /* ComponentUsageController.swift */; };
		BAFB43B51D153F1600D0E2C3 /* AboutOpenSource.txt in Resources */ = {isa = PBXBuildFile; fileRef = BAFB43B41D153F1600D0E2C3 /* AboutOpenSource.txt */; };
		BAFB43B71D153F3200D0E2C3 /* ComponentUsage.txt in Resources */ = {isa = PBXBuildFile; fileRef = BAFB43B61D153F3200D0E2C3 /* ComponentUsage.txt */; };
		BAFB43B91D1BC8A300D0E2C3 /* UserListController.swift in Sources */ = {isa = PBXBuildFile; fileRef = BAFB43B81D1BC8A300D0E2C3 /* UserListController.swift */; };
		BAFB43BB1D1BC96600D0E2C3 /* UserListView.swift in Sources */ = {isa = PBXBuildFile; fileRef = BAFB43BA1D1BC96600D0E2C3 /* UserListView.swift */; };
		BAFB43BE1D1BCA9400D0E2C3 /* UserListCell.swift in Sources */ = {isa = PBXBuildFile; fileRef = BAFB43BC1D1BCA9400D0E2C3 /* UserListCell.swift */; };
		BAFB43BF1D1BCA9400D0E2C3 /* UserListCell.xib in Resources */ = {isa = PBXBuildFile; fileRef = BAFB43BD1D1BCA9400D0E2C3 /* UserListCell.xib */; };
/* End PBXBuildFile section */

/* Begin PBXContainerItemProxy section */
		BA3AD20C1CCA245A0034B21E /* PBXContainerItemProxy */ = {
			isa = PBXContainerItemProxy;
			containerPortal = BA3AD1EC1CCA245A0034B21E /* Project object */;
			proxyType = 1;
			remoteGlobalIDString = BA3AD1F31CCA245A0034B21E;
			remoteInfo = OpenCode;
		};
/* End PBXContainerItemProxy section */

/* Begin PBXFileReference section */
		1BFEDCE35BCBCACC0660C755 /* Pods-OpenCode.debug.xcconfig */ = {isa = PBXFileReference; includeInIndex = 1; lastKnownFileType = text.xcconfig; name = "Pods-OpenCode.debug.xcconfig"; path = "Pods/Target Support Files/Pods-OpenCode/Pods-OpenCode.debug.xcconfig"; sourceTree = "<group>"; };
		4027B30C7A06F2720B5696F3 /* Pods_OpenCode.framework */ = {isa = PBXFileReference; explicitFileType = wrapper.framework; includeInIndex = 0; path = Pods_OpenCode.framework; sourceTree = BUILT_PRODUCTS_DIR; };
		A561EBFD5690366BF8E17C4D /* Pods-OpenCode.release.xcconfig */ = {isa = PBXFileReference; includeInIndex = 1; lastKnownFileType = text.xcconfig; name = "Pods-OpenCode.release.xcconfig"; path = "Pods/Target Support Files/Pods-OpenCode/Pods-OpenCode.release.xcconfig"; sourceTree = "<group>"; };
		BA05E7461CFEDB7900855A9E /* MyLoginView.swift */ = {isa = PBXFileReference; fileEncoding = 4; lastKnownFileType = sourcecode.swift; name = MyLoginView.swift; path = Classes/My/View/MyLoginView.swift; sourceTree = "<group>"; };
		BA0ADD731CF836CE00A0B0F1 /* RepoCommitsController.swift */ = {isa = PBXFileReference; fileEncoding = 4; lastKnownFileType = sourcecode.swift; name = RepoCommitsController.swift; path = Classes/RepositoryDetail/Controller/RepoCommitsController.swift; sourceTree = "<group>"; };
		BA0ADD751CF838C500A0B0F1 /* RepoPullController.swift */ = {isa = PBXFileReference; fileEncoding = 4; lastKnownFileType = sourcecode.swift; name = RepoPullController.swift; path = Classes/RepositoryDetail/Controller/RepoPullController.swift; sourceTree = "<group>"; };
		BA0ADD771CF839A000A0B0F1 /* RepoBranchController.swift */ = {isa = PBXFileReference; fileEncoding = 4; lastKnownFileType = sourcecode.swift; name = RepoBranchController.swift; path = Classes/RepositoryDetail/Controller/RepoBranchController.swift; sourceTree = "<group>"; };
		BA0ADD7B1CF83DF200A0B0F1 /* SearchController.swift */ = {isa = PBXFileReference; fileEncoding = 4; lastKnownFileType = sourcecode.swift; name = SearchController.swift; path = Classes/Search/Controller/SearchController.swift; sourceTree = "<group>"; };
		BA0CCE1F1D1E7FE60009F02A /* RepoListController.swift */ = {isa = PBXFileReference; fileEncoding = 4; lastKnownFileType = sourcecode.swift; name = RepoListController.swift; path = Classes/RepoList/Controller/RepoListController.swift; sourceTree = "<group>"; };
		BA3AD1F41CCA245A0034B21E /* OpenCode.app */ = {isa = PBXFileReference; explicitFileType = wrapper.application; includeInIndex = 0; path = OpenCode.app; sourceTree = BUILT_PRODUCTS_DIR; };
		BA3AD1F81CCA245A0034B21E /* Info.plist */ = {isa = PBXFileReference; lastKnownFileType = text.plist.xml; path = Info.plist; sourceTree = "<group>"; };
		BA3AD1F91CCA245A0034B21E /* AppDelegate.swift */ = {isa = PBXFileReference; lastKnownFileType = sourcecode.swift; path = AppDelegate.swift; sourceTree = "<group>"; };
		BA3AD2001CCA245A0034B21E /* Base */ = {isa = PBXFileReference; lastKnownFileType = file.storyboard; name = Base; path = Base.lproj/Main.storyboard; sourceTree = "<group>"; };
		BA3AD2021CCA245A0034B21E /* Images.xcassets */ = {isa = PBXFileReference; lastKnownFileType = folder.assetcatalog; path = Images.xcassets; sourceTree = "<group>"; };
		BA3AD2051CCA245A0034B21E /* Base */ = {isa = PBXFileReference; lastKnownFileType = file.xib; name = Base; path = Base.lproj/LaunchScreen.xib; sourceTree = "<group>"; };
		BA3AD20B1CCA245A0034B21E /* OpenCodeTests.xctest */ = {isa = PBXFileReference; explicitFileType = wrapper.cfbundle; includeInIndex = 0; path = OpenCodeTests.xctest; sourceTree = BUILT_PRODUCTS_DIR; };
		BA3AD2101CCA245A0034B21E /* Info.plist */ = {isa = PBXFileReference; lastKnownFileType = text.plist.xml; path = Info.plist; sourceTree = "<group>"; };
		BA3AD2111CCA245A0034B21E /* OpenCodeTests.swift */ = {isa = PBXFileReference; lastKnownFileType = sourcecode.swift; path = OpenCodeTests.swift; sourceTree = "<group>"; };
		BA3AD21D1CCA278B0034B21E /* Github.swift */ = {isa = PBXFileReference; fileEncoding = 4; lastKnownFileType = sourcecode.swift; path = Github.swift; sourceTree = "<group>"; };
		BA3AD21F1CCA29B60034B21E /* HttpRequest.swift */ = {isa = PBXFileReference; fileEncoding = 4; lastKnownFileType = sourcecode.swift; path = HttpRequest.swift; sourceTree = "<group>"; };
		BA4465791D068F7D007AEC2F /* UserEventsController.swift */ = {isa = PBXFileReference; fileEncoding = 4; lastKnownFileType = sourcecode.swift; name = UserEventsController.swift; path = Classes/UserEvents/Controller/UserEventsController.swift; sourceTree = "<group>"; };
		BA44657B1D0693EB007AEC2F /* GithubTime.swift */ = {isa = PBXFileReference; fileEncoding = 4; lastKnownFileType = sourcecode.swift; name = GithubTime.swift; path = Classes/Other/GithubTime.swift; sourceTree = "<group>"; };
		BA4465801D07C18C007AEC2F /* SettingsController.swift */ = {isa = PBXFileReference; fileEncoding = 4; lastKnownFileType = sourcecode.swift; name = SettingsController.swift; path = Classes/Settings/Controller/SettingsController.swift; sourceTree = "<group>"; };
		BA4465821D094502007AEC2F /* AuthorizationsManagerController.swift */ = {isa = PBXFileReference; fileEncoding = 4; lastKnownFileType = sourcecode.swift; name = AuthorizationsManagerController.swift; path = Classes/Settings/Controller/AuthorizationsManagerController.swift; sourceTree = "<group>"; };
		BA4465841D094844007AEC2F /* ProgressHUD.swift */ = {isa = PBXFileReference; fileEncoding = 4; lastKnownFileType = sourcecode.swift; name = ProgressHUD.swift; path = Classes/Other/ProgressHUD.swift; sourceTree = "<group>"; };
		BA4609CF1CF95AB400D2415B /* SearchRepoCell.swift */ = {isa = PBXFileReference; fileEncoding = 4; lastKnownFileType = sourcecode.swift; name = SearchRepoCell.swift; path = Classes/Search/View/SearchRepoCell.swift; sourceTree = "<group>"; };
		BA4609D01CF95AB400D2415B /* SearchRepoCell.xib */ = {isa = PBXFileReference; fileEncoding = 4; lastKnownFileType = file.xib; name = SearchRepoCell.xib; path = Classes/Search/View/SearchRepoCell.xib; sourceTree = "<group>"; };
		BA47B7441CE99B4A00CF3947 /* OldUserListController.swift */ = {isa = PBXFileReference; fileEncoding = 4; lastKnownFileType = sourcecode.swift; name = OldUserListController.swift; path = Classes/UserList/Controller/OldUserListController.swift; sourceTree = "<group>"; };
		BA47B7471CE99EC200CF3947 /* UserCell.swift */ = {isa = PBXFileReference; fileEncoding = 4; lastKnownFileType = sourcecode.swift; name = UserCell.swift; path = Classes/UserList/View/UserCell.swift; sourceTree = "<group>"; };
		BA47B7481CE99EC200CF3947 /* UserCell.xib */ = {isa = PBXFileReference; fileEncoding = 4; lastKnownFileType = file.xib; name = UserCell.xib; path = Classes/UserList/View/UserCell.xib; sourceTree = "<group>"; };
		BA47B74D1CE9AE7D00CF3947 /* UserBaseInfo.swift */ = {isa = PBXFileReference; fileEncoding = 4; lastKnownFileType = sourcecode.swift; name = UserBaseInfo.swift; path = Classes/UserList/Model/UserBaseInfo.swift; sourceTree = "<group>"; };
		BA4F89E51D040C860051A525 /* QRCodeController.swift */ = {isa = PBXFileReference; fileEncoding = 4; lastKnownFileType = sourcecode.swift; name = QRCodeController.swift; path = Classes/Tool/QRCode/Controller/QRCodeController.swift; sourceTree = "<group>"; };
		BA4F89E71D040EB80051A525 /* QRCodeScanningController.swift */ = {isa = PBXFileReference; fileEncoding = 4; lastKnownFileType = sourcecode.swift; name = QRCodeScanningController.swift; path = Classes/Tool/QRCode/Controller/QRCodeScanningController.swift; sourceTree = "<group>"; };
		BA505B091CF3FBB900BE7EC9 /* ToolController.swift */ = {isa = PBXFileReference; fileEncoding = 4; lastKnownFileType = sourcecode.swift; name = ToolController.swift; path = Classes/Tool/Controller/ToolController.swift; sourceTree = "<group>"; };
		BA51C0511CF696D4005CCCC7 /* RepoEventController.swift */ = {isa = PBXFileReference; fileEncoding = 4; lastKnownFileType = sourcecode.swift; name = RepoEventController.swift; path = Classes/RepositoryDetail/Controller/RepoEventController.swift; sourceTree = "<group>"; };
		BA51C0531CF69B88005CCCC7 /* RepoIssuesController.swift */ = {isa = PBXFileReference; fileEncoding = 4; lastKnownFileType = sourcecode.swift; name = RepoIssuesController.swift; path = Classes/RepositoryDetail/Controller/RepoIssuesController.swift; sourceTree = "<group>"; };
		BA51C0551CF6A7C3005CCCC7 /* RepoEventCell.swift */ = {isa = PBXFileReference; fileEncoding = 4; lastKnownFileType = sourcecode.swift; name = RepoEventCell.swift; path = Classes/RepositoryDetail/View/RepoEventCell.swift; sourceTree = "<group>"; };
		BA51C0561CF6A7C3005CCCC7 /* RepoEventCell.xib */ = {isa = PBXFileReference; fileEncoding = 4; lastKnownFileType = file.xib; name = RepoEventCell.xib; path = Classes/RepositoryDetail/View/RepoEventCell.xib; sourceTree = "<group>"; };
		BA53E2DB1CFFD86900FD46F2 /* MyProfileView.swift */ = {isa = PBXFileReference; fileEncoding = 4; lastKnownFileType = sourcecode.swift; name = MyProfileView.swift; path = Classes/My/View/MyProfileView.swift; sourceTree = "<group>"; };
		BA53E2DD1CFFDCCE00FD46F2 /* MyUserInfoHeader.swift */ = {isa = PBXFileReference; fileEncoding = 4; lastKnownFileType = sourcecode.swift; name = MyUserInfoHeader.swift; path = Classes/My/View/MyUserInfoHeader.swift; sourceTree = "<group>"; };
		BA5582C01CF1706400157000 /* CodeBrowserController.swift */ = {isa = PBXFileReference; fileEncoding = 4; lastKnownFileType = sourcecode.swift; name = CodeBrowserController.swift; path = Classes/CodeBrowser/Controller/CodeBrowserController.swift; sourceTree = "<group>"; };
		BA5582C31CF173B400157000 /* CodeBrowser.html */ = {isa = PBXFileReference; fileEncoding = 4; lastKnownFileType = text.html; name = CodeBrowser.html; path = CodeBrowser/CodeBrowser.html; sourceTree = "<group>"; };
		BA5582CC1CF1827C00157000 /* CodeLoader.js */ = {isa = PBXFileReference; fileEncoding = 4; lastKnownFileType = sourcecode.javascript; name = CodeLoader.js; path = CodeBrowser/CodeLoader.js; sourceTree = "<group>"; };
		BA5AF8321D02C3490015B601 /* HotRepoView.swift */ = {isa = PBXFileReference; fileEncoding = 4; lastKnownFileType = sourcecode.swift; name = HotRepoView.swift; path = Classes/News/View/Hot/HotRepoView.swift; sourceTree = "<group>"; };
		BA5AF8361D02C3660015B601 /* NewsEventCell.swift */ = {isa = PBXFileReference; fileEncoding = 4; lastKnownFileType = sourcecode.swift; name = NewsEventCell.swift; path = Classes/News/View/Event/NewsEventCell.swift; sourceTree = "<group>"; };
		BA5AF8371D02C3660015B601 /* NewsEventCell.xib */ = {isa = PBXFileReference; fileEncoding = 4; lastKnownFileType = file.xib; name = NewsEventCell.xib; path = Classes/News/View/Event/NewsEventCell.xib; sourceTree = "<group>"; };
		BA5AF8381D02C3660015B601 /* NewsEventListView.swift */ = {isa = PBXFileReference; fileEncoding = 4; lastKnownFileType = sourcecode.swift; name = NewsEventListView.swift; path = Classes/News/View/Event/NewsEventListView.swift; sourceTree = "<group>"; };
		BA5AF83C1D02C3780015B601 /* TrendingView.swift */ = {isa = PBXFileReference; fileEncoding = 4; lastKnownFileType = sourcecode.swift; name = TrendingView.swift; path = Classes/News/View/Trending/TrendingView.swift; sourceTree = "<group>"; };
		BA5F71A61CD350DC0043CBB5 /* RepositoryTableViewController.swift */ = {isa = PBXFileReference; fileEncoding = 4; lastKnownFileType = sourcecode.swift; path = RepositoryTableViewController.swift; sourceTree = "<group>"; };
		BA647E071CF2F7C200DA369F /* FileBrowserController.swift */ = {isa = PBXFileReference; fileEncoding = 4; lastKnownFileType = sourcecode.swift; name = FileBrowserController.swift; path = Classes/FileBrowser/FileBrowserController.swift; sourceTree = "<group>"; };
		BA69EBE31CD4980C0090816C /* UserTableViewController.swift */ = {isa = PBXFileReference; fileEncoding = 4; lastKnownFileType = sourcecode.swift; path = UserTableViewController.swift; sourceTree = "<group>"; };
		BA6F3B0F1CCE3EA400F6984B /* OperationQueueHelper.swift */ = {isa = PBXFileReference; fileEncoding = 4; lastKnownFileType = sourcecode.swift; path = OperationQueueHelper.swift; sourceTree = "<group>"; };
		BA6F3B111CCE478D00F6984B /* TimeHelper.swift */ = {isa = PBXFileReference; fileEncoding = 4; lastKnownFileType = sourcecode.swift; path = TimeHelper.swift; sourceTree = "<group>"; };
		BA715DFE1CFD287000887D73 /* NewsTopView.swift */ = {isa = PBXFileReference; fileEncoding = 4; lastKnownFileType = sourcecode.swift; name = NewsTopView.swift; path = Classes/News/View/NewsTopView.swift; sourceTree = "<group>"; };
		BA715E011CFD2EC800887D73 /* NewsTopDelegate.swift */ = {isa = PBXFileReference; fileEncoding = 4; lastKnownFileType = sourcecode.swift; path = NewsTopDelegate.swift; sourceTree = "<group>"; };
		BA715E061CFD389C00887D73 /* MyController.swift */ = {isa = PBXFileReference; fileEncoding = 4; lastKnownFileType = sourcecode.swift; name = MyController.swift; path = Classes/My/Controller/MyController.swift; sourceTree = "<group>"; };
		BA715E091CFD3A6600887D73 /* MyCellDataModel.swift */ = {isa = PBXFileReference; fileEncoding = 4; lastKnownFileType = sourcecode.swift; path = MyCellDataModel.swift; sourceTree = "<group>"; };
		BA79E02A1CF5946800E86258 /* ToolCell.swift */ = {isa = PBXFileReference; fileEncoding = 4; lastKnownFileType = sourcecode.swift; name = ToolCell.swift; path = Classes/Tool/View/ToolCell.swift; sourceTree = "<group>"; };
		BA79E0751CF5C49B00E86258 /* ToolList.plist */ = {isa = PBXFileReference; fileEncoding = 4; lastKnownFileType = text.plist.xml; path = ToolList.plist; sourceTree = "<group>"; };
		BA79E0771CF5DF8300E86258 /* FlatColor.swift */ = {isa = PBXFileReference; fileEncoding = 4; lastKnownFileType = sourcecode.swift; name = FlatColor.swift; path = Classes/Other/FlatColor.swift; sourceTree = "<group>"; };
		BA7B2A0E1CE47D5200455F68 /* GlobalDefine.swift */ = {isa = PBXFileReference; fileEncoding = 4; lastKnownFileType = sourcecode.swift; name = GlobalDefine.swift; path = Classes/Other/GlobalDefine.swift; sourceTree = "<group>"; };
		BA7CB1D31CEDF5ED004DDF42 /* UserInfoHeaderView.swift */ = {isa = PBXFileReference; fileEncoding = 4; lastKnownFileType = sourcecode.swift; name = UserInfoHeaderView.swift; path = Classes/UserInfo/View/UserInfoHeaderView.swift; sourceTree = "<group>"; };
		BA8619041CDF289D00BE9E9C /* RepoDetailController.swift */ = {isa = PBXFileReference; fileEncoding = 4; lastKnownFileType = sourcecode.swift; name = RepoDetailController.swift; path = Classes/RepositoryDetail/Controller/RepoDetailController.swift; sourceTree = "<group>"; };
		BA8619061CDF2DD000BE9E9C /* RepoDescView.swift */ = {isa = PBXFileReference; fileEncoding = 4; lastKnownFileType = sourcecode.swift; name = RepoDescView.swift; path = Classes/RepositoryDetail/View/RepoDescView.swift; sourceTree = "<group>"; };
		BA8619081CDF31F000BE9E9C /* RepoInfoView.swift */ = {isa = PBXFileReference; fileEncoding = 4; lastKnownFileType = sourcecode.swift; name = RepoInfoView.swift; path = Classes/RepositoryDetail/View/RepoInfoView.swift; sourceTree = "<group>"; };
		BA8CEBDC1CE7480A0044155A /* RepoDetailHeaderView.swift */ = {isa = PBXFileReference; fileEncoding = 4; lastKnownFileType = sourcecode.swift; name = RepoDetailHeaderView.swift; path = Classes/RepositoryDetail/View/RepoDetailHeaderView.swift; sourceTree = "<group>"; };
		BA8CEBDE1CE74DF00044155A /* RepoDetailTableViewCell.swift */ = {isa = PBXFileReference; fileEncoding = 4; lastKnownFileType = sourcecode.swift; name = RepoDetailTableViewCell.swift; path = Classes/RepositoryDetail/View/RepoDetailTableViewCell.swift; sourceTree = "<group>"; };
		BA8D68621CF80C62002ED5E2 /* ToolCell.xib */ = {isa = PBXFileReference; fileEncoding = 4; lastKnownFileType = file.xib; name = ToolCell.xib; path = Classes/Tool/View/ToolCell.xib; sourceTree = "<group>"; };
		BA8DA3301CD080A500F9B391 /* Crypto.swift */ = {isa = PBXFileReference; fileEncoding = 4; lastKnownFileType = sourcecode.swift; path = Crypto.swift; sourceTree = "<group>"; };
		BAC0557F1CFAA60A00DCD236 /* NewsController.swift */ = {isa = PBXFileReference; fileEncoding = 4; lastKnownFileType = sourcecode.swift; name = NewsController.swift; path = Classes/News/Controller/NewsController.swift; sourceTree = "<group>"; };
		BAC055821CFAA67C00DCD236 /* NewsScrollView.swift */ = {isa = PBXFileReference; fileEncoding = 4; lastKnownFileType = sourcecode.swift; name = NewsScrollView.swift; path = Classes/News/View/NewsScrollView.swift; sourceTree = "<group>"; };
		BAC5DF321CEC051800EB2EFE /* UserInfo.swift */ = {isa = PBXFileReference; fileEncoding = 4; lastKnownFileType = sourcecode.swift; name = UserInfo.swift; path = Classes/UserInfo/Model/UserInfo.swift; sourceTree = "<group>"; };
		BAC5DF341CEC082300EB2EFE /* UserInfoController.swift */ = {isa = PBXFileReference; fileEncoding = 4; lastKnownFileType = sourcecode.swift; name = UserInfoController.swift; path = Classes/UserInfo/Controller/UserInfoController.swift; sourceTree = "<group>"; };
		BAF47C181D01387300F6A03B /* UIViewAdditions.swift */ = {isa = PBXFileReference; fileEncoding = 4; lastKnownFileType = sourcecode.swift; path = UIViewAdditions.swift; sourceTree = "<group>"; };
		BAF47C1A1D01462000F6A03B /* CodeLoading.gif */ = {isa = PBXFileReference; lastKnownFileType = image.gif; name = CodeLoading.gif; path = CodeBrowser/CodeLoading.gif; sourceTree = "<group>"; };
		BAF47C1C1D01462B00F6A03B /* CodeBrowser.css */ = {isa = PBXFileReference; fileEncoding = 4; lastKnownFileType = text.css; name = CodeBrowser.css; path = CodeBrowser/CodeBrowser.css; sourceTree = "<group>"; };
		BAF7F99F1CD8B8AF0071C5F6 /* RepositoryDetailTableViewController.swift */ = {isa = PBXFileReference; fileEncoding = 4; lastKnownFileType = sourcecode.swift; path = RepositoryDetailTableViewController.swift; sourceTree = "<group>"; };
		BAFB43971D0AAAE500D0E2C3 /* NewBadge.swift */ = {isa = PBXFileReference; fileEncoding = 4; lastKnownFileType = sourcecode.swift; name = NewBadge.swift; path = Classes/UserEvents/View/NewBadge.swift; sourceTree = "<group>"; };
		BAFB439B1D0D23FC00D0E2C3 /* CommitDetailController.swift */ = {isa = PBXFileReference; fileEncoding = 4; lastKnownFileType = sourcecode.swift; name = CommitDetailController.swift; path = Classes/RepositoryDetail/CommitDetail/Controller/CommitDetailController.swift; sourceTree = "<group>"; };
		BAFB439F1D0E83F100D0E2C3 /* AboutController.swift */ = {isa = PBXFileReference; fileEncoding = 4; lastKnownFileType = sourcecode.swift; name = AboutController.swift; path = Classes/Settings/About/Controller/AboutController.swift; sourceTree = "<group>"; };
		BAFB43A71D0FA10E00D0E2C3 /* NotableList.swift */ = {isa = PBXFileReference; fileEncoding = 4; lastKnownFileType = sourcecode.swift; name = NotableList.swift; path = Classes/News/View/Notable/NotableList.swift; sourceTree = "<group>"; };
		BAFB43AB1D0FACFE00D0E2C3 /* MarkdownReaderController.swift */ = {isa = PBXFileReference; fileEncoding = 4; lastKnownFileType = sourcecode.swift; name = MarkdownReaderController.swift; path = Classes/MarkdownReader/Controller/MarkdownReaderController.swift; sourceTree = "<group>"; };
		BAFB43AD1D153A1000D0E2C3 /* ComponentUsageController.swift */ = {isa = PBXFileReference; fileEncoding = 4; lastKnownFileType = sourcecode.swift; name = ComponentUsageController.swift; path = Classes/Settings/About/Controller/ComponentUsageController.swift; sourceTree = "<group>"; };
		BAFB43B41D153F1600D0E2C3 /* AboutOpenSource.txt */ = {isa = PBXFileReference; fileEncoding = 4; lastKnownFileType = text; name = AboutOpenSource.txt; path = Document/AboutOpenSource.txt; sourceTree = "<group>"; };
		BAFB43B61D153F3200D0E2C3 /* ComponentUsage.txt */ = {isa = PBXFileReference; fileEncoding = 4; lastKnownFileType = text; name = ComponentUsage.txt; path = Document/ComponentUsage.txt; sourceTree = "<group>"; };
		BAFB43B81D1BC8A300D0E2C3 /* UserListController.swift */ = {isa = PBXFileReference; fileEncoding = 4; lastKnownFileType = sourcecode.swift; name = UserListController.swift; path = Classes/UserList/Controller/UserListController.swift; sourceTree = "<group>"; };
		BAFB43BA1D1BC96600D0E2C3 /* UserListView.swift */ = {isa = PBXFileReference; fileEncoding = 4; lastKnownFileType = sourcecode.swift; name = UserListView.swift; path = Classes/UserList/View/UserListView.swift; sourceTree = "<group>"; };
		BAFB43BC1D1BCA9400D0E2C3 /* UserListCell.swift */ = {isa = PBXFileReference; fileEncoding = 4; lastKnownFileType = sourcecode.swift; name = UserListCell.swift; path = Classes/UserList/View/UserListCell.swift; sourceTree = "<group>"; };
		BAFB43BD1D1BCA9400D0E2C3 /* UserListCell.xib */ = {isa = PBXFileReference; fileEncoding = 4; lastKnownFileType = file.xib; name = UserListCell.xib; path = Classes/UserList/View/UserListCell.xib; sourceTree = "<group>"; };
/* End PBXFileReference section */

/* Begin PBXFrameworksBuildPhase section */
		BA3AD1F11CCA245A0034B21E /* Frameworks */ = {
			isa = PBXFrameworksBuildPhase;
			buildActionMask = 2147483647;
			files = (
				130E96D280BE6059A868DF41 /* Pods_OpenCode.framework in Frameworks */,
			);
			runOnlyForDeploymentPostprocessing = 0;
		};
		BA3AD2081CCA245A0034B21E /* Frameworks */ = {
			isa = PBXFrameworksBuildPhase;
			buildActionMask = 2147483647;
			files = (
			);
			runOnlyForDeploymentPostprocessing = 0;
		};
/* End PBXFrameworksBuildPhase section */

/* Begin PBXGroup section */
		3E8820D4DA02CF1CBA188E80 /* Frameworks */ = {
			isa = PBXGroup;
			children = (
				4027B30C7A06F2720B5696F3 /* Pods_OpenCode.framework */,
			);
			name = Frameworks;
			sourceTree = "<group>";
		};
		BA0ADD791CF83D5400A0B0F1 /* Search */ = {
			isa = PBXGroup;
			children = (
				BA4609CE1CF95A6900D2415B /* View */,
				BA0ADD7A1CF83D6A00A0B0F1 /* Controller */,
			);
			name = Search;
			sourceTree = "<group>";
		};
		BA0ADD7A1CF83D6A00A0B0F1 /* Controller */ = {
			isa = PBXGroup;
			children = (
				BA0ADD7B1CF83DF200A0B0F1 /* SearchController.swift */,
			);
			name = Controller;
			sourceTree = "<group>";
		};
		BA0CCE1D1D1E7F4A0009F02A /* RepoList */ = {
			isa = PBXGroup;
			children = (
				BA0CCE1E1D1E7F5A0009F02A /* Controller */,
			);
			name = RepoList;
			sourceTree = "<group>";
		};
		BA0CCE1E1D1E7F5A0009F02A /* Controller */ = {
			isa = PBXGroup;
			children = (
				BA0CCE1F1D1E7FE60009F02A /* RepoListController.swift */,
			);
			name = Controller;
			sourceTree = "<group>";
		};
		BA3AD1EB1CCA245A0034B21E = {
			isa = PBXGroup;
			children = (
				BA3AD1F61CCA245A0034B21E /* OpenCode */,
				BA3AD20E1CCA245A0034B21E /* OpenCodeTests */,
				BA3AD1F51CCA245A0034B21E /* Products */,
				D7F22D4ECA5475ECD3576BFE /* Pods */,
				3E8820D4DA02CF1CBA188E80 /* Frameworks */,
			);
			sourceTree = "<group>";
		};
		BA3AD1F51CCA245A0034B21E /* Products */ = {
			isa = PBXGroup;
			children = (
				BA3AD1F41CCA245A0034B21E /* OpenCode.app */,
				BA3AD20B1CCA245A0034B21E /* OpenCodeTests.xctest */,
			);
			name = Products;
			sourceTree = "<group>";
		};
		BA3AD1F61CCA245A0034B21E /* OpenCode */ = {
			isa = PBXGroup;
			children = (
				BA8618FD1CDF22F800BE9E9C /* Classes */,
				BA7C1F8E1CCB57C200B5EE6A /* Controller */,
				BA3AD21C1CCA27730034B21E /* API */,
				BA3AD21B1CCA27660034B21E /* Utils */,
				BA3AD1F91CCA245A0034B21E /* AppDelegate.swift */,
				BA3AD1FF1CCA245A0034B21E /* Main.storyboard */,
				BA3AD2021CCA245A0034B21E /* Images.xcassets */,
				BA3AD2041CCA245A0034B21E /* LaunchScreen.xib */,
				BA3AD1F71CCA245A0034B21E /* Supporting Files */,
			);
			path = OpenCode;
			sourceTree = "<group>";
		};
		BA3AD1F71CCA245A0034B21E /* Supporting Files */ = {
			isa = PBXGroup;
			children = (
				BAFB43AF1D153B1700D0E2C3 /* Document */,
				BA5582C21CF1735C00157000 /* CodeBrowser */,
				BA3AD1F81CCA245A0034B21E /* Info.plist */,
				BA79E0751CF5C49B00E86258 /* ToolList.plist */,
			);
			name = "Supporting Files";
			sourceTree = "<group>";
		};
		BA3AD20E1CCA245A0034B21E /* OpenCodeTests */ = {
			isa = PBXGroup;
			children = (
				BA3AD2111CCA245A0034B21E /* OpenCodeTests.swift */,
				BA3AD20F1CCA245A0034B21E /* Supporting Files */,
			);
			path = OpenCodeTests;
			sourceTree = "<group>";
		};
		BA3AD20F1CCA245A0034B21E /* Supporting Files */ = {
			isa = PBXGroup;
			children = (
				BA3AD2101CCA245A0034B21E /* Info.plist */,
			);
			name = "Supporting Files";
			sourceTree = "<group>";
		};
		BA3AD21B1CCA27660034B21E /* Utils */ = {
			isa = PBXGroup;
			children = (
				BA3AD21F1CCA29B60034B21E /* HttpRequest.swift */,
				BA6F3B0F1CCE3EA400F6984B /* OperationQueueHelper.swift */,
				BA6F3B111CCE478D00F6984B /* TimeHelper.swift */,
				BA8DA3301CD080A500F9B391 /* Crypto.swift */,
				BAF47C181D01387300F6A03B /* UIViewAdditions.swift */,
			);
			name = Utils;
			sourceTree = "<group>";
		};
		BA3AD21C1CCA27730034B21E /* API */ = {
			isa = PBXGroup;
			children = (
				BA3AD21D1CCA278B0034B21E /* Github.swift */,
			);
			name = API;
			sourceTree = "<group>";
		};
		BA4465761D068F3F007AEC2F /* UserEvents */ = {
			isa = PBXGroup;
			children = (
				BAFB43961D0AAA5600D0E2C3 /* View */,
				BA4465771D068F4A007AEC2F /* Controller */,
			);
			name = UserEvents;
			sourceTree = "<group>";
		};
		BA4465771D068F4A007AEC2F /* Controller */ = {
			isa = PBXGroup;
			children = (
				BA4465791D068F7D007AEC2F /* UserEventsController.swift */,
			);
			name = Controller;
			sourceTree = "<group>";
		};
		BA44657D1D07C139007AEC2F /* Settings */ = {
			isa = PBXGroup;
			children = (
				BAFB439D1D0E83B800D0E2C3 /* About */,
				BA44657E1D07C143007AEC2F /* Controller */,
			);
			name = Settings;
			sourceTree = "<group>";
		};
		BA44657E1D07C143007AEC2F /* Controller */ = {
			isa = PBXGroup;
			children = (
				BA4465801D07C18C007AEC2F /* SettingsController.swift */,
				BA4465821D094502007AEC2F /* AuthorizationsManagerController.swift */,
			);
			name = Controller;
			sourceTree = "<group>";
		};
		BA4609CE1CF95A6900D2415B /* View */ = {
			isa = PBXGroup;
			children = (
				BA4609CF1CF95AB400D2415B /* SearchRepoCell.swift */,
				BA4609D01CF95AB400D2415B /* SearchRepoCell.xib */,
			);
			name = View;
			sourceTree = "<group>";
		};
		BA47B7421CE99B0000CF3947 /* UserList */ = {
			isa = PBXGroup;
			children = (
				BA47B74C1CE9AE5400CF3947 /* Model */,
				BA47B7461CE99CF200CF3947 /* View */,
				BA47B7431CE99B0800CF3947 /* Controller */,
			);
			name = UserList;
			sourceTree = "<group>";
		};
		BA47B7431CE99B0800CF3947 /* Controller */ = {
			isa = PBXGroup;
			children = (
				BA47B7441CE99B4A00CF3947 /* OldUserListController.swift */,
				BAFB43B81D1BC8A300D0E2C3 /* UserListController.swift */,
			);
			name = Controller;
			sourceTree = "<group>";
		};
		BA47B7461CE99CF200CF3947 /* View */ = {
			isa = PBXGroup;
			children = (
				BA47B7471CE99EC200CF3947 /* UserCell.swift */,
				BA47B7481CE99EC200CF3947 /* UserCell.xib */,
				BAFB43BA1D1BC96600D0E2C3 /* UserListView.swift */,
				BAFB43BC1D1BCA9400D0E2C3 /* UserListCell.swift */,
				BAFB43BD1D1BCA9400D0E2C3 /* UserListCell.xib */,
			);
			name = View;
			sourceTree = "<group>";
		};
		BA47B74C1CE9AE5400CF3947 /* Model */ = {
			isa = PBXGroup;
			children = (
				BA47B74D1CE9AE7D00CF3947 /* UserBaseInfo.swift */,
			);
			name = Model;
			sourceTree = "<group>";
		};
		BA4F89E31D0409DB0051A525 /* QRCode */ = {
			isa = PBXGroup;
			children = (
				BA4F89E41D040C4D0051A525 /* Controller */,
			);
			name = QRCode;
			sourceTree = "<group>";
		};
		BA4F89E41D040C4D0051A525 /* Controller */ = {
			isa = PBXGroup;
			children = (
				BA4F89E51D040C860051A525 /* QRCodeController.swift */,
				BA4F89E71D040EB80051A525 /* QRCodeScanningController.swift */,
			);
			name = Controller;
			sourceTree = "<group>";
		};
		BA505B071CF3FB7A00BE7EC9 /* Tool */ = {
			isa = PBXGroup;
			children = (
				BA4F89E31D0409DB0051A525 /* QRCode */,
				BA79E0291CF5944600E86258 /* View */,
				BA505B081CF3FB8C00BE7EC9 /* Controller */,
			);
			name = Tool;
			sourceTree = "<group>";
		};
		BA505B081CF3FB8C00BE7EC9 /* Controller */ = {
			isa = PBXGroup;
			children = (
				BA505B091CF3FBB900BE7EC9 /* ToolController.swift */,
			);
			name = Controller;
			sourceTree = "<group>";
		};
		BA5582BE1CF16FF600157000 /* CodeBrowser */ = {
			isa = PBXGroup;
			children = (
				BA5582BF1CF1701500157000 /* Controller */,
			);
			name = CodeBrowser;
			sourceTree = "<group>";
		};
		BA5582BF1CF1701500157000 /* Controller */ = {
			isa = PBXGroup;
			children = (
				BA5582C01CF1706400157000 /* CodeBrowserController.swift */,
			);
			name = Controller;
			sourceTree = "<group>";
		};
		BA5582C21CF1735C00157000 /* CodeBrowser */ = {
			isa = PBXGroup;
			children = (
				BAF47C1C1D01462B00F6A03B /* CodeBrowser.css */,
				BAF47C1A1D01462000F6A03B /* CodeLoading.gif */,
				BA5582CC1CF1827C00157000 /* CodeLoader.js */,
				BA5582C31CF173B400157000 /* CodeBrowser.html */,
			);
			name = CodeBrowser;
			sourceTree = "<group>";
		};
		BA5AF8311D02C2D60015B601 /* Hot */ = {
			isa = PBXGroup;
			children = (
				BA5AF8321D02C3490015B601 /* HotRepoView.swift */,
			);
			name = Hot;
			sourceTree = "<group>";
		};
		BA5AF8341D02C34D0015B601 /* Event */ = {
			isa = PBXGroup;
			children = (
				BA5AF8361D02C3660015B601 /* NewsEventCell.swift */,
				BA5AF8371D02C3660015B601 /* NewsEventCell.xib */,
				BA5AF8381D02C3660015B601 /* NewsEventListView.swift */,
			);
			name = Event;
			sourceTree = "<group>";
		};
		BA5AF8351D02C3530015B601 /* Trending */ = {
			isa = PBXGroup;
			children = (
				BA5AF83C1D02C3780015B601 /* TrendingView.swift */,
			);
			name = Trending;
			sourceTree = "<group>";
		};
		BA5F71A51CD350BD0043CBB5 /* Page */ = {
			isa = PBXGroup;
			children = (
				BA5F71A61CD350DC0043CBB5 /* RepositoryTableViewController.swift */,
				BA69EBE31CD4980C0090816C /* UserTableViewController.swift */,
				BAF7F99F1CD8B8AF0071C5F6 /* RepositoryDetailTableViewController.swift */,
			);
			name = Page;
			sourceTree = "<group>";
		};
		BA647E051CF2F76800DA369F /* FileBrowser */ = {
			isa = PBXGroup;
			children = (
				BA647E061CF2F78100DA369F /* Controller */,
			);
			name = FileBrowser;
			sourceTree = "<group>";
		};
		BA647E061CF2F78100DA369F /* Controller */ = {
			isa = PBXGroup;
			children = (
				BA647E071CF2F7C200DA369F /* FileBrowserController.swift */,
			);
			name = Controller;
			sourceTree = "<group>";
		};
		BA715E001CFD2EA300887D73 /* Model */ = {
			isa = PBXGroup;
			children = (
				BA715E011CFD2EC800887D73 /* NewsTopDelegate.swift */,
			);
			name = Model;
			sourceTree = "<group>";
		};
		BA715E031CFD382800887D73 /* My */ = {
			isa = PBXGroup;
			children = (
				BA715E081CFD3A4300887D73 /* Model */,
				BA715E051CFD383800887D73 /* View */,
				BA715E041CFD383100887D73 /* Controller */,
			);
			name = My;
			sourceTree = "<group>";
		};
		BA715E041CFD383100887D73 /* Controller */ = {
			isa = PBXGroup;
			children = (
				BA715E061CFD389C00887D73 /* MyController.swift */,
			);
			name = Controller;
			sourceTree = "<group>";
		};
		BA715E051CFD383800887D73 /* View */ = {
			isa = PBXGroup;
			children = (
				BA05E7461CFEDB7900855A9E /* MyLoginView.swift */,
				BA53E2DB1CFFD86900FD46F2 /* MyProfileView.swift */,
				BA53E2DD1CFFDCCE00FD46F2 /* MyUserInfoHeader.swift */,
			);
			name = View;
			sourceTree = "<group>";
		};
		BA715E081CFD3A4300887D73 /* Model */ = {
			isa = PBXGroup;
			children = (
				BA715E091CFD3A6600887D73 /* MyCellDataModel.swift */,
			);
			name = Model;
			sourceTree = "<group>";
		};
		BA79E0291CF5944600E86258 /* View */ = {
			isa = PBXGroup;
			children = (
				BA79E02A1CF5946800E86258 /* ToolCell.swift */,
				BA8D68621CF80C62002ED5E2 /* ToolCell.xib */,
			);
			name = View;
			sourceTree = "<group>";
		};
		BA7B2A0D1CE47D3500455F68 /* Other */ = {
			isa = PBXGroup;
			children = (
				BA7B2A0E1CE47D5200455F68 /* GlobalDefine.swift */,
				BA79E0771CF5DF8300E86258 /* FlatColor.swift */,
				BA44657B1D0693EB007AEC2F /* GithubTime.swift */,
				BA4465841D094844007AEC2F /* ProgressHUD.swift */,
			);
			name = Other;
			sourceTree = "<group>";
		};
		BA7C1F8E1CCB57C200B5EE6A /* Controller */ = {
			isa = PBXGroup;
			children = (
				BA5F71A51CD350BD0043CBB5 /* Page */,
			);
			name = Controller;
			sourceTree = "<group>";
		};
		BA8618FD1CDF22F800BE9E9C /* Classes */ = {
			isa = PBXGroup;
			children = (
				BA0CCE1D1D1E7F4A0009F02A /* RepoList */,
				BA44657D1D07C139007AEC2F /* Settings */,
				BA4465761D068F3F007AEC2F /* UserEvents */,
				BA715E031CFD382800887D73 /* My */,
				BAC0557D1CFAA5B400DCD236 /* News */,
				BA0ADD791CF83D5400A0B0F1 /* Search */,
				BA505B071CF3FB7A00BE7EC9 /* Tool */,
				BA647E051CF2F76800DA369F /* FileBrowser */,
				BA5582BE1CF16FF600157000 /* CodeBrowser */,
				BAFB43A91D0FACA900D0E2C3 /* MarkdownReader */,
				BAC5DF2E1CEC044C00EB2EFE /* UserInfo */,
				BA47B7421CE99B0000CF3947 /* UserList */,
				BA7B2A0D1CE47D3500455F68 /* Other */,
				BA8619011CDF230E00BE9E9C /* RepositoryDetail */,
			);
			name = Classes;
			sourceTree = "<group>";
		};
		BA8619011CDF230E00BE9E9C /* RepositoryDetail */ = {
			isa = PBXGroup;
			children = (
				BAFB43991D0D23A000D0E2C3 /* CommitDetail */,
				BA8619031CDF25CA00BE9E9C /* View */,
				BA8619021CDF236C00BE9E9C /* Controller */,
			);
			name = RepositoryDetail;
			sourceTree = "<group>";
		};
		BA8619021CDF236C00BE9E9C /* Controller */ = {
			isa = PBXGroup;
			children = (
				BA8619041CDF289D00BE9E9C /* RepoDetailController.swift */,
				BA51C0511CF696D4005CCCC7 /* RepoEventController.swift */,
				BA51C0531CF69B88005CCCC7 /* RepoIssuesController.swift */,
				BA0ADD731CF836CE00A0B0F1 /* RepoCommitsController.swift */,
				BA0ADD751CF838C500A0B0F1 /* RepoPullController.swift */,
				BA0ADD771CF839A000A0B0F1 /* RepoBranchController.swift */,
			);
			name = Controller;
			sourceTree = "<group>";
		};
		BA8619031CDF25CA00BE9E9C /* View */ = {
			isa = PBXGroup;
			children = (
				BA8619061CDF2DD000BE9E9C /* RepoDescView.swift */,
				BA8619081CDF31F000BE9E9C /* RepoInfoView.swift */,
				BA8CEBDC1CE7480A0044155A /* RepoDetailHeaderView.swift */,
				BA8CEBDE1CE74DF00044155A /* RepoDetailTableViewCell.swift */,
				BA51C0551CF6A7C3005CCCC7 /* RepoEventCell.swift */,
				BA51C0561CF6A7C3005CCCC7 /* RepoEventCell.xib */,
			);
			name = View;
			sourceTree = "<group>";
		};
		BAC0557D1CFAA5B400DCD236 /* News */ = {
			isa = PBXGroup;
			children = (
				BA715E001CFD2EA300887D73 /* Model */,
				BAC055811CFAA64D00DCD236 /* View */,
				BAC0557E1CFAA5CC00DCD236 /* Controller */,
			);
			name = News;
			sourceTree = "<group>";
		};
		BAC0557E1CFAA5CC00DCD236 /* Controller */ = {
			isa = PBXGroup;
			children = (
				BAC0557F1CFAA60A00DCD236 /* NewsController.swift */,
			);
			name = Controller;
			sourceTree = "<group>";
		};
		BAC055811CFAA64D00DCD236 /* View */ = {
			isa = PBXGroup;
			children = (
				BAFB43A31D0F990B00D0E2C3 /* Notable */,
				BA5AF8351D02C3530015B601 /* Trending */,
				BA5AF8341D02C34D0015B601 /* Event */,
				BA5AF8311D02C2D60015B601 /* Hot */,
				BA715DFE1CFD287000887D73 /* NewsTopView.swift */,
				BAC055821CFAA67C00DCD236 /* NewsScrollView.swift */,
			);
			name = View;
			sourceTree = "<group>";
		};
		BAC5DF2E1CEC044C00EB2EFE /* UserInfo */ = {
			isa = PBXGroup;
			children = (
				BAC5DF311CEC04DB00EB2EFE /* Controller */,
				BAC5DF301CEC04D500EB2EFE /* View */,
				BAC5DF2F1CEC04CD00EB2EFE /* Model */,
			);
			name = UserInfo;
			sourceTree = "<group>";
		};
		BAC5DF2F1CEC04CD00EB2EFE /* Model */ = {
			isa = PBXGroup;
			children = (
				BAC5DF321CEC051800EB2EFE /* UserInfo.swift */,
			);
			name = Model;
			sourceTree = "<group>";
		};
		BAC5DF301CEC04D500EB2EFE /* View */ = {
			isa = PBXGroup;
			children = (
				BA7CB1D31CEDF5ED004DDF42 /* UserInfoHeaderView.swift */,
			);
			name = View;
			sourceTree = "<group>";
		};
		BAC5DF311CEC04DB00EB2EFE /* Controller */ = {
			isa = PBXGroup;
			children = (
				BAC5DF341CEC082300EB2EFE /* UserInfoController.swift */,
			);
			name = Controller;
			sourceTree = "<group>";
		};
		BAFB43961D0AAA5600D0E2C3 /* View */ = {
			isa = PBXGroup;
			children = (
				BAFB43971D0AAAE500D0E2C3 /* NewBadge.swift */,
			);
			name = View;
			sourceTree = "<group>";
		};
		BAFB43991D0D23A000D0E2C3 /* CommitDetail */ = {
			isa = PBXGroup;
			children = (
				BAFB439A1D0D23B400D0E2C3 /* Controller */,
			);
			name = CommitDetail;
			sourceTree = "<group>";
		};
		BAFB439A1D0D23B400D0E2C3 /* Controller */ = {
			isa = PBXGroup;
			children = (
				BAFB439B1D0D23FC00D0E2C3 /* CommitDetailController.swift */,
			);
			name = Controller;
			sourceTree = "<group>";
		};
		BAFB439D1D0E83B800D0E2C3 /* About */ = {
			isa = PBXGroup;
			children = (
				BAFB439E1D0E83C600D0E2C3 /* Controller */,
			);
			name = About;
			sourceTree = "<group>";
		};
		BAFB439E1D0E83C600D0E2C3 /* Controller */ = {
			isa = PBXGroup;
			children = (
				BAFB439F1D0E83F100D0E2C3 /* AboutController.swift */,
				BAFB43AD1D153A1000D0E2C3 /* ComponentUsageController.swift */,
			);
			name = Controller;
			sourceTree = "<group>";
		};
		BAFB43A31D0F990B00D0E2C3 /* Notable */ = {
			isa = PBXGroup;
			children = (
				BAFB43A71D0FA10E00D0E2C3 /* NotableList.swift */,
			);
			name = Notable;
			sourceTree = "<group>";
		};
		BAFB43A91D0FACA900D0E2C3 /* MarkdownReader */ = {
			isa = PBXGroup;
			children = (
				BAFB43AA1D0FACC700D0E2C3 /* Controller */,
			);
			name = MarkdownReader;
			sourceTree = "<group>";
		};
		BAFB43AA1D0FACC700D0E2C3 /* Controller */ = {
			isa = PBXGroup;
			children = (
				BAFB43AB1D0FACFE00D0E2C3 /* MarkdownReaderController.swift */,
			);
			name = Controller;
			sourceTree = "<group>";
		};
		BAFB43AF1D153B1700D0E2C3 /* Document */ = {
			isa = PBXGroup;
			children = (
				BAFB43B61D153F3200D0E2C3 /* ComponentUsage.txt */,
				BAFB43B41D153F1600D0E2C3 /* AboutOpenSource.txt */,
			);
			name = Document;
			sourceTree = "<group>";
		};
		D7F22D4ECA5475ECD3576BFE /* Pods */ = {
			isa = PBXGroup;
			children = (
				1BFEDCE35BCBCACC0660C755 /* Pods-OpenCode.debug.xcconfig */,
				A561EBFD5690366BF8E17C4D /* Pods-OpenCode.release.xcconfig */,
			);
			name = Pods;
			sourceTree = "<group>";
		};
/* End PBXGroup section */

/* Begin PBXNativeTarget section */
		BA3AD1F31CCA245A0034B21E /* OpenCode */ = {
			isa = PBXNativeTarget;
			buildConfigurationList = BA3AD2151CCA245A0034B21E /* Build configuration list for PBXNativeTarget "OpenCode" */;
			buildPhases = (
				855CFB954B493D03787A9E3B /* Check Pods Manifest.lock */,
				BA3AD1F11CCA245A0034B21E /* Frameworks */,
				BA3AD1F01CCA245A0034B21E /* Sources */,
				BA3AD1F21CCA245A0034B21E /* Resources */,
				17F8FBC1B1B7AE8E04EA1060 /* Embed Pods Frameworks */,
				4B19887270E3D0C7CD44A2D7 /* Copy Pods Resources */,
			);
			buildRules = (
			);
			dependencies = (
			);
			name = OpenCode;
			productName = OpenCode;
			productReference = BA3AD1F41CCA245A0034B21E /* OpenCode.app */;
			productType = "com.apple.product-type.application";
		};
		BA3AD20A1CCA245A0034B21E /* OpenCodeTests */ = {
			isa = PBXNativeTarget;
			buildConfigurationList = BA3AD2181CCA245A0034B21E /* Build configuration list for PBXNativeTarget "OpenCodeTests" */;
			buildPhases = (
				BA3AD2071CCA245A0034B21E /* Sources */,
				BA3AD2081CCA245A0034B21E /* Frameworks */,
				BA3AD2091CCA245A0034B21E /* Resources */,
			);
			buildRules = (
			);
			dependencies = (
				BA3AD20D1CCA245A0034B21E /* PBXTargetDependency */,
			);
			name = OpenCodeTests;
			productName = OpenCodeTests;
			productReference = BA3AD20B1CCA245A0034B21E /* OpenCodeTests.xctest */;
			productType = "com.apple.product-type.bundle.unit-test";
		};
/* End PBXNativeTarget section */

/* Begin PBXProject section */
		BA3AD1EC1CCA245A0034B21E /* Project object */ = {
			isa = PBXProject;
			attributes = {
				LastSwiftMigration = 0730;
				LastSwiftUpdateCheck = 0730;
				LastUpgradeCheck = 0610;
				ORGANIZATIONNAME = moonrailgun;
				TargetAttributes = {
					BA3AD1F31CCA245A0034B21E = {
						CreatedOnToolsVersion = 6.1;
						DevelopmentTeam = 2XHLW8HGMG;
					};
					BA3AD20A1CCA245A0034B21E = {
						CreatedOnToolsVersion = 6.1;
						TestTargetID = BA3AD1F31CCA245A0034B21E;
					};
				};
			};
			buildConfigurationList = BA3AD1EF1CCA245A0034B21E /* Build configuration list for PBXProject "OpenCode" */;
			compatibilityVersion = "Xcode 3.2";
			developmentRegion = English;
			hasScannedForEncodings = 0;
			knownRegions = (
				en,
				Base,
			);
			mainGroup = BA3AD1EB1CCA245A0034B21E;
			productRefGroup = BA3AD1F51CCA245A0034B21E /* Products */;
			projectDirPath = "";
			projectRoot = "";
			targets = (
				BA3AD1F31CCA245A0034B21E /* OpenCode */,
				BA3AD20A1CCA245A0034B21E /* OpenCodeTests */,
			);
		};
/* End PBXProject section */

/* Begin PBXResourcesBuildPhase section */
		BA3AD1F21CCA245A0034B21E /* Resources */ = {
			isa = PBXResourcesBuildPhase;
			buildActionMask = 2147483647;
			files = (
				BAF47C1D1D01462B00F6A03B /* CodeBrowser.css in Resources */,
				BAF47C1B1D01462000F6A03B /* CodeLoading.gif in Resources */,
				BA8D68631CF80C62002ED5E2 /* ToolCell.xib in Resources */,
				BA47B74A1CE99EC200CF3947 /* UserCell.xib in Resources */,
				BAFB43B71D153F3200D0E2C3 /* ComponentUsage.txt in Resources */,
				BAFB43B51D153F1600D0E2C3 /* AboutOpenSource.txt in Resources */,
				BA3AD2011CCA245A0034B21E /* Main.storyboard in Resources */,
				BA51C0581CF6A7C3005CCCC7 /* RepoEventCell.xib in Resources */,
				BA5582CD1CF1827C00157000 /* CodeLoader.js in Resources */,
				BA4609D21CF95AB400D2415B /* SearchRepoCell.xib in Resources */,
				BA79E0761CF5C49B00E86258 /* ToolList.plist in Resources */,
				BA5AF83A1D02C3660015B601 /* NewsEventCell.xib in Resources */,
				BAFB43BF1D1BCA9400D0E2C3 /* UserListCell.xib in Resources */,
				BA3AD2061CCA245A0034B21E /* LaunchScreen.xib in Resources */,
				BA5582C41CF173B400157000 /* CodeBrowser.html in Resources */,
				BA3AD2031CCA245A0034B21E /* Images.xcassets in Resources */,
			);
			runOnlyForDeploymentPostprocessing = 0;
		};
		BA3AD2091CCA245A0034B21E /* Resources */ = {
			isa = PBXResourcesBuildPhase;
			buildActionMask = 2147483647;
			files = (
			);
			runOnlyForDeploymentPostprocessing = 0;
		};
/* End PBXResourcesBuildPhase section */

/* Begin PBXShellScriptBuildPhase section */
		17F8FBC1B1B7AE8E04EA1060 /* Embed Pods Frameworks */ = {
			isa = PBXShellScriptBuildPhase;
			buildActionMask = 2147483647;
			files = (
			);
			inputPaths = (
			);
			name = "Embed Pods Frameworks";
			outputPaths = (
			);
			runOnlyForDeploymentPostprocessing = 0;
			shellPath = /bin/sh;
			shellScript = "\"${SRCROOT}/Pods/Target Support Files/Pods-OpenCode/Pods-OpenCode-frameworks.sh\"\n";
			showEnvVarsInLog = 0;
		};
		4B19887270E3D0C7CD44A2D7 /* Copy Pods Resources */ = {
			isa = PBXShellScriptBuildPhase;
			buildActionMask = 2147483647;
			files = (
			);
			inputPaths = (
			);
			name = "Copy Pods Resources";
			outputPaths = (
			);
			runOnlyForDeploymentPostprocessing = 0;
			shellPath = /bin/sh;
			shellScript = "\"${SRCROOT}/Pods/Target Support Files/Pods-OpenCode/Pods-OpenCode-resources.sh\"\n";
			showEnvVarsInLog = 0;
		};
		855CFB954B493D03787A9E3B /* Check Pods Manifest.lock */ = {
			isa = PBXShellScriptBuildPhase;
			buildActionMask = 2147483647;
			files = (
			);
			inputPaths = (
			);
			name = "Check Pods Manifest.lock";
			outputPaths = (
			);
			runOnlyForDeploymentPostprocessing = 0;
			shellPath = /bin/sh;
			shellScript = "diff \"${PODS_ROOT}/../Podfile.lock\" \"${PODS_ROOT}/Manifest.lock\" > /dev/null\nif [[ $? != 0 ]] ; then\n    cat << EOM\nerror: The sandbox is not in sync with the Podfile.lock. Run 'pod install' or update your CocoaPods installation.\nEOM\n    exit 1\nfi\n";
			showEnvVarsInLog = 0;
		};
/* End PBXShellScriptBuildPhase section */

/* Begin PBXSourcesBuildPhase section */
		BA3AD1F01CCA245A0034B21E /* Sources */ = {
			isa = PBXSourcesBuildPhase;
			buildActionMask = 2147483647;
			files = (
				BAFB43A11D0E83F100D0E2C3 /* AboutController.swift in Sources */,
				BA69EBE41CD4980C0090816C /* UserTableViewController.swift in Sources */,
				BA715E0A1CFD3A6600887D73 /* MyCellDataModel.swift in Sources */,
				BAFB43BB1D1BC96600D0E2C3 /* UserListView.swift in Sources */,
				BA4465851D094844007AEC2F /* ProgressHUD.swift in Sources */,
				BA8DA3311CD080A500F9B391 /* Crypto.swift in Sources */,
				BAFB43A81D0FA10E00D0E2C3 /* NotableList.swift in Sources */,
				BA5AF83D1D02C3780015B601 /* TrendingView.swift in Sources */,
				BA6F3B121CCE478D00F6984B /* TimeHelper.swift in Sources */,
				BA8619051CDF289D00BE9E9C /* RepoDetailController.swift in Sources */,
				BA47B7451CE99B4A00CF3947 /* OldUserListController.swift in Sources */,
				BA51C0541CF69B88005CCCC7 /* RepoIssuesController.swift in Sources */,
				BA715E021CFD2EC800887D73 /* NewsTopDelegate.swift in Sources */,
				BA505B0A1CF3FBB900BE7EC9 /* ToolController.swift in Sources */,
				BA5AF8331D02C3490015B601 /* HotRepoView.swift in Sources */,
				BA8619091CDF31F000BE9E9C /* RepoInfoView.swift in Sources */,
				BA3AD2201CCA29B60034B21E /* HttpRequest.swift in Sources */,
				BA715E071CFD389C00887D73 /* MyController.swift in Sources */,
				BA5AF83B1D02C3660015B601 /* NewsEventListView.swift in Sources */,
				BA0ADD781CF839A000A0B0F1 /* RepoBranchController.swift in Sources */,
				BA4465811D07C18C007AEC2F /* SettingsController.swift in Sources */,
				BA647E081CF2F7C200DA369F /* FileBrowserController.swift in Sources */,
				BA4609D11CF95AB400D2415B /* SearchRepoCell.swift in Sources */,
				BA53E2DC1CFFD86900FD46F2 /* MyProfileView.swift in Sources */,
				BA0ADD761CF838C500A0B0F1 /* RepoPullController.swift in Sources */,
				BA4F89E81D040EB80051A525 /* QRCodeScanningController.swift in Sources */,
				BA4F89E61D040C860051A525 /* QRCodeController.swift in Sources */,
				BA7CB1D41CEDF5ED004DDF42 /* UserInfoHeaderView.swift in Sources */,
				BAC055831CFAA67C00DCD236 /* NewsScrollView.swift in Sources */,
				BAFB43981D0AAAE500D0E2C3 /* NewBadge.swift in Sources */,
				BAFB43BE1D1BCA9400D0E2C3 /* UserListCell.swift in Sources */,
				BA47B7491CE99EC200CF3947 /* UserCell.swift in Sources */,
				BA0ADD741CF836CE00A0B0F1 /* RepoCommitsController.swift in Sources */,
				BAC5DF351CEC082300EB2EFE /* UserInfoController.swift in Sources */,
				BA05E7471CFEDB7900855A9E /* MyLoginView.swift in Sources */,
				BAFB43B91D1BC8A300D0E2C3 /* UserListController.swift in Sources */,
				BAFB43AE1D153A1000D0E2C3 /* ComponentUsageController.swift in Sources */,
				BA3AD21E1CCA278B0034B21E /* Github.swift in Sources */,
				BA715DFF1CFD287000887D73 /* NewsTopView.swift in Sources */,
				BA6F3B101CCE3EA400F6984B /* OperationQueueHelper.swift in Sources */,
				BAFB439C1D0D23FC00D0E2C3 /* CommitDetailController.swift in Sources */,
				BA0CCE201D1E7FE60009F02A /* RepoListController.swift in Sources */,
				BAF7F9A01CD8B8AF0071C5F6 /* RepositoryDetailTableViewController.swift in Sources */,
				BA79E0781CF5DF8300E86258 /* FlatColor.swift in Sources */,
				BA4465831D094502007AEC2F /* AuthorizationsManagerController.swift in Sources */,
				BA5AF8391D02C3660015B601 /* NewsEventCell.swift in Sources */,
				BA5F71A81CD350DC0043CBB5 /* RepositoryTableViewController.swift in Sources */,
				BA3AD1FA1CCA245A0034B21E /* AppDelegate.swift in Sources */,
				BA5582C11CF1706400157000 /* CodeBrowserController.swift in Sources */,
				BAC055801CFAA60A00DCD236 /* NewsController.swift in Sources */,
				BA7B2A0F1CE47D5200455F68 /* GlobalDefine.swift in Sources */,
				BA8CEBE01CE74DF00044155A /* RepoDetailTableViewCell.swift in Sources */,
				BA51C0571CF6A7C3005CCCC7 /* RepoEventCell.swift in Sources */,
				BA8619071CDF2DD000BE9E9C /* RepoDescView.swift in Sources */,
				BAFB43AC1D0FACFE00D0E2C3 /* MarkdownReaderController.swift in Sources */,
				BA47B74E1CE9AE7D00CF3947 /* UserBaseInfo.swift in Sources */,
				BAC5DF331CEC051800EB2EFE /* UserInfo.swift in Sources */,
				BA0ADD7C1CF83DF200A0B0F1 /* SearchController.swift in Sources */,
				BAF47C191D01387300F6A03B /* UIViewAdditions.swift in Sources */,
				BA53E2DE1CFFDCCE00FD46F2 /* MyUserInfoHeader.swift in Sources */,
				BA51C0521CF696D4005CCCC7 /* RepoEventController.swift in Sources */,
				BA44657A1D068F7D007AEC2F /* UserEventsController.swift in Sources */,
				BA8CEBDD1CE7480A0044155A /* RepoDetailHeaderView.swift in Sources */,
				BA79E02B1CF5946800E86258 /* ToolCell.swift in Sources */,
				BA44657C1D0693EB007AEC2F /* GithubTime.swift in Sources */,
			);
			runOnlyForDeploymentPostprocessing = 0;
		};
		BA3AD2071CCA245A0034B21E /* Sources */ = {
			isa = PBXSourcesBuildPhase;
			buildActionMask = 2147483647;
			files = (
				BA3AD2121CCA245A0034B21E /* OpenCodeTests.swift in Sources */,
			);
			runOnlyForDeploymentPostprocessing = 0;
		};
/* End PBXSourcesBuildPhase section */

/* Begin PBXTargetDependency section */
		BA3AD20D1CCA245A0034B21E /* PBXTargetDependency */ = {
			isa = PBXTargetDependency;
			target = BA3AD1F31CCA245A0034B21E /* OpenCode */;
			targetProxy = BA3AD20C1CCA245A0034B21E /* PBXContainerItemProxy */;
		};
/* End PBXTargetDependency section */

/* Begin PBXVariantGroup section */
		BA3AD1FF1CCA245A0034B21E /* Main.storyboard */ = {
			isa = PBXVariantGroup;
			children = (
				BA3AD2001CCA245A0034B21E /* Base */,
			);
			name = Main.storyboard;
			sourceTree = "<group>";
		};
		BA3AD2041CCA245A0034B21E /* LaunchScreen.xib */ = {
			isa = PBXVariantGroup;
			children = (
				BA3AD2051CCA245A0034B21E /* Base */,
			);
			name = LaunchScreen.xib;
			sourceTree = "<group>";
		};
/* End PBXVariantGroup section */

/* Begin XCBuildConfiguration section */
		BA3AD2131CCA245A0034B21E /* Debug */ = {
			isa = XCBuildConfiguration;
			buildSettings = {
				ALWAYS_SEARCH_USER_PATHS = NO;
				CLANG_CXX_LANGUAGE_STANDARD = "gnu++0x";
				CLANG_CXX_LIBRARY = "libc++";
				CLANG_ENABLE_MODULES = YES;
				CLANG_ENABLE_OBJC_ARC = YES;
				CLANG_WARN_BOOL_CONVERSION = YES;
				CLANG_WARN_CONSTANT_CONVERSION = YES;
				CLANG_WARN_DIRECT_OBJC_ISA_USAGE = YES_ERROR;
				CLANG_WARN_EMPTY_BODY = YES;
				CLANG_WARN_ENUM_CONVERSION = YES;
				CLANG_WARN_INT_CONVERSION = YES;
				CLANG_WARN_OBJC_ROOT_CLASS = YES_ERROR;
				CLANG_WARN_UNREACHABLE_CODE = YES;
				CLANG_WARN__DUPLICATE_METHOD_MATCH = YES;
				"CODE_SIGN_IDENTITY[sdk=iphoneos*]" = "iPhone Developer";
				COPY_PHASE_STRIP = NO;
				ENABLE_BITCODE = NO;
				ENABLE_STRICT_OBJC_MSGSEND = YES;
				GCC_C_LANGUAGE_STANDARD = gnu99;
				GCC_DYNAMIC_NO_PIC = NO;
				GCC_OPTIMIZATION_LEVEL = 0;
				GCC_PREPROCESSOR_DEFINITIONS = (
					"DEBUG=1",
					"$(inherited)",
				);
				GCC_SYMBOLS_PRIVATE_EXTERN = NO;
				GCC_WARN_64_TO_32_BIT_CONVERSION = YES;
				GCC_WARN_ABOUT_RETURN_TYPE = YES_ERROR;
				GCC_WARN_UNDECLARED_SELECTOR = YES;
				GCC_WARN_UNINITIALIZED_AUTOS = YES_AGGRESSIVE;
				GCC_WARN_UNUSED_FUNCTION = YES;
				GCC_WARN_UNUSED_VARIABLE = YES;
				IPHONEOS_DEPLOYMENT_TARGET = 8.1;
				MTL_ENABLE_DEBUG_INFO = YES;
				ONLY_ACTIVE_ARCH = YES;
				SDKROOT = iphoneos;
				SWIFT_OPTIMIZATION_LEVEL = "-Onone";
			};
			name = Debug;
		};
		BA3AD2141CCA245A0034B21E /* Release */ = {
			isa = XCBuildConfiguration;
			buildSettings = {
				ALWAYS_SEARCH_USER_PATHS = NO;
				CLANG_CXX_LANGUAGE_STANDARD = "gnu++0x";
				CLANG_CXX_LIBRARY = "libc++";
				CLANG_ENABLE_MODULES = YES;
				CLANG_ENABLE_OBJC_ARC = YES;
				CLANG_WARN_BOOL_CONVERSION = YES;
				CLANG_WARN_CONSTANT_CONVERSION = YES;
				CLANG_WARN_DIRECT_OBJC_ISA_USAGE = YES_ERROR;
				CLANG_WARN_EMPTY_BODY = YES;
				CLANG_WARN_ENUM_CONVERSION = YES;
				CLANG_WARN_INT_CONVERSION = YES;
				CLANG_WARN_OBJC_ROOT_CLASS = YES_ERROR;
				CLANG_WARN_UNREACHABLE_CODE = YES;
				CLANG_WARN__DUPLICATE_METHOD_MATCH = YES;
				"CODE_SIGN_IDENTITY[sdk=iphoneos*]" = "iPhone Developer";
				COPY_PHASE_STRIP = YES;
				ENABLE_BITCODE = NO;
				ENABLE_NS_ASSERTIONS = NO;
				ENABLE_STRICT_OBJC_MSGSEND = YES;
				GCC_C_LANGUAGE_STANDARD = gnu99;
				GCC_WARN_64_TO_32_BIT_CONVERSION = YES;
				GCC_WARN_ABOUT_RETURN_TYPE = YES_ERROR;
				GCC_WARN_UNDECLARED_SELECTOR = YES;
				GCC_WARN_UNINITIALIZED_AUTOS = YES_AGGRESSIVE;
				GCC_WARN_UNUSED_FUNCTION = YES;
				GCC_WARN_UNUSED_VARIABLE = YES;
				IPHONEOS_DEPLOYMENT_TARGET = 8.1;
				MTL_ENABLE_DEBUG_INFO = NO;
				SDKROOT = iphoneos;
				VALIDATE_PRODUCT = YES;
			};
			name = Release;
		};
		BA3AD2161CCA245A0034B21E /* Debug */ = {
			isa = XCBuildConfiguration;
			baseConfigurationReference = 1BFEDCE35BCBCACC0660C755 /* Pods-OpenCode.debug.xcconfig */;
			buildSettings = {
				ASSETCATALOG_COMPILER_APPICON_NAME = AppIcon;
				CODE_SIGN_IDENTITY = "iPhone Developer";
				"CODE_SIGN_IDENTITY[sdk=iphoneos*]" = "iPhone Developer";
				ENABLE_BITCODE = YES;
				INFOPLIST_FILE = OpenCode/Info.plist;
				IPHONEOS_DEPLOYMENT_TARGET = 9.3;
				LD_RUNPATH_SEARCH_PATHS = "$(inherited) @executable_path/Frameworks";
				PRODUCT_NAME = "$(TARGET_NAME)";
				PROVISIONING_PROFILE = "";
			};
			name = Debug;
		};
		BA3AD2171CCA245A0034B21E /* Release */ = {
			isa = XCBuildConfiguration;
			baseConfigurationReference = A561EBFD5690366BF8E17C4D /* Pods-OpenCode.release.xcconfig */;
			buildSettings = {
				ASSETCATALOG_COMPILER_APPICON_NAME = AppIcon;
				CODE_SIGN_IDENTITY = "iPhone Developer";
				"CODE_SIGN_IDENTITY[sdk=iphoneos*]" = "iPhone Developer";
				ENABLE_BITCODE = YES;
				INFOPLIST_FILE = OpenCode/Info.plist;
				IPHONEOS_DEPLOYMENT_TARGET = 9.3;
				LD_RUNPATH_SEARCH_PATHS = "$(inherited) @executable_path/Frameworks";
				PRODUCT_NAME = "$(TARGET_NAME)";
				PROVISIONING_PROFILE = "";
			};
			name = Release;
		};
		BA3AD2191CCA245A0034B21E /* Debug */ = {
			isa = XCBuildConfiguration;
			buildSettings = {
				BUNDLE_LOADER = "$(TEST_HOST)";
				FRAMEWORK_SEARCH_PATHS = (
					"$(SDKROOT)/Developer/Library/Frameworks",
					"$(inherited)",
				);
				GCC_PREPROCESSOR_DEFINITIONS = (
					"DEBUG=1",
					"$(inherited)",
				);
				INFOPLIST_FILE = OpenCodeTests/Info.plist;
				LD_RUNPATH_SEARCH_PATHS = "$(inherited) @executable_path/Frameworks @loader_path/Frameworks";
				PRODUCT_NAME = "$(TARGET_NAME)";
				TEST_HOST = "$(BUILT_PRODUCTS_DIR)/OpenCode.app/OpenCode";
			};
			name = Debug;
		};
		BA3AD21A1CCA245A0034B21E /* Release */ = {
			isa = XCBuildConfiguration;
			buildSettings = {
				BUNDLE_LOADER = "$(TEST_HOST)";
				FRAMEWORK_SEARCH_PATHS = (
					"$(SDKROOT)/Developer/Library/Frameworks",
					"$(inherited)",
				);
				INFOPLIST_FILE = OpenCodeTests/Info.plist;
				LD_RUNPATH_SEARCH_PATHS = "$(inherited) @executable_path/Frameworks @loader_path/Frameworks";
				PRODUCT_NAME = "$(TARGET_NAME)";
				TEST_HOST = "$(BUILT_PRODUCTS_DIR)/OpenCode.app/OpenCode";
			};
			name = Release;
		};
/* End XCBuildConfiguration section */

/* Begin XCConfigurationList section */
		BA3AD1EF1CCA245A0034B21E /* Build configuration list for PBXProject "OpenCode" */ = {
			isa = XCConfigurationList;
			buildConfigurations = (
				BA3AD2131CCA245A0034B21E /* Debug */,
				BA3AD2141CCA245A0034B21E /* Release */,
			);
			defaultConfigurationIsVisible = 0;
			defaultConfigurationName = Release;
		};
		BA3AD2151CCA245A0034B21E /* Build configuration list for PBXNativeTarget "OpenCode" */ = {
			isa = XCConfigurationList;
			buildConfigurations = (
				BA3AD2161CCA245A0034B21E /* Debug */,
				BA3AD2171CCA245A0034B21E /* Release */,
			);
			defaultConfigurationIsVisible = 0;
			defaultConfigurationName = Release;
		};
		BA3AD2181CCA245A0034B21E /* Build configuration list for PBXNativeTarget "OpenCodeTests" */ = {
			isa = XCConfigurationList;
			buildConfigurations = (
				BA3AD2191CCA245A0034B21E /* Debug */,
				BA3AD21A1CCA245A0034B21E /* Release */,
			);
			defaultConfigurationIsVisible = 0;
			defaultConfigurationName = Release;
		};
/* End XCConfigurationList section */
	};
	rootObject = BA3AD1EC1CCA245A0034B21E /* Project object */;
}
